
Microsoft Visual Studio Solution File, Format Version 12.00
# Visual Studio Version 16
VisualStudioVersion = 16.0.30523.141
MinimumVisualStudioVersion = 10.0.40219.1
Project("{9A19103F-16F7-4668-BE54-9A1E7A4F7556}") = "HeartBeath", "HeartBeath.csproj", "{68460345-C7DC-4345-8B6A-9DC82217C2A6}"
EndProject
Global
	GlobalSection(SolutionConfigurationPlatforms) = preSolution
		Debug|Any CPU = Debug|Any CPU
		Release|Any CPU = Release|Any CPU
		Description = Hearthbeat win event throwing when the ping fails
	EndGlobalSection
	GlobalSection(ProjectConfigurationPlatforms) = postSolution
		{68460345-C7DC-4345-8B6A-9DC82217C2A6}.Debug|Any CPU.ActiveCfg = Debug|Any CPU
		{68460345-C7DC-4345-8B6A-9DC82217C2A6}.Debug|Any CPU.Build.0 = Debug|Any CPU
		{68460345-C7DC-4345-8B6A-9DC82217C2A6}.Release|Any CPU.ActiveCfg = Release|Any CPU
		{68460345-C7DC-4345-8B6A-9DC82217C2A6}.Release|Any CPU.Build.0 = Release|Any CPU
	EndGlobalSection
	GlobalSection(SolutionProperties) = preSolution
		HideSolutionNode = FALSE
	EndGlobalSection
	GlobalSection(ExtensibilityGlobals) = postSolution
		SolutionGuid = {ECD61459-A9B5-4FDF-922A-553246C9E859}
	EndGlobalSection
EndGlobal
